Microsoft Visual Studio Solution File, Format Version 12.00
# Visual Studio Version 17
VisualStudioVersion = 17.5.2.0
MinimumVisualStudioVersion = 10.0.40219.1
Project("{FAE04EC0-301F-11D3-BF4B-00C04F79EFBC}") = "Projeto", "Projeto.csproj", "{67E68429-20C4-4148-939D-7B1D2FE7E08D}"
EndProject
Global
	GlobalSection(SolutionConfigurationPlatforms) = preSolution
		Debug|Any CPU = Debug|Any CPU
		Release|Any CPU = Release|Any CPU
	EndGlobalSection
	GlobalSection(ProjectConfigurationPlatforms) = postSolution
		{67E68429-20C4-4148-939D-7B1D2FE7E08D}.Debug|Any CPU.ActiveCfg = Debug|Any CPU
		{67E68429-20C4-4148-939D-7B1D2FE7E08D}.Debug|Any CPU.Build.0 = Debug|Any CPU
		{67E68429-20C4-4148-939D-7B1D2FE7E08D}.Release|Any CPU.ActiveCfg = Release|Any CPU
		{67E68429-20C4-4148-939D-7B1D2FE7E08D}.Release|Any CPU.Build.0 = Release|Any CPU
	EndGlobalSection
	GlobalSection(SolutionProperties) = preSolution
		HideSolutionNode = FALSE
	EndGlobalSection
	GlobalSection(ExtensibilityGlobals) = postSolution
		SolutionGuid = {A4D37F2F-71E8-4568-9C06-417D0B0A207A}
	EndGlobalSection
EndGlobal
